// !$*UTF8*$!
{
	archiveVersion = 1;
	classes = {
	};
	objectVersion = 46;
	objects = {

/* Begin PBXBuildFile section */
		116E86FF15C44B090090D303 /* Cocoa.framework in Frameworks */ = {isa = PBXBuildFile; fileRef = 116E86FE15C44B090090D303 /* Cocoa.framework */; };
		116E870915C44B090090D303 /* InfoPlist.strings in Resources */ = {isa = PBXBuildFile; fileRef = 116E870715C44B090090D303 /* InfoPlist.strings */; };
		116E870B15C44B090090D303 /* main.m in Sources */ = {isa = PBXBuildFile; fileRef = 116E870A15C44B090090D303 /* main.m */; };
		116E870F15C44B090090D303 /* Credits.rtf in Resources */ = {isa = PBXBuildFile; fileRef = 116E870D15C44B090090D303 /* Credits.rtf */; };
		116E871215C44B090090D303 /* DictationSwitcherAppDelegate.m in Sources */ = {isa = PBXBuildFile; fileRef = 116E871115C44B090090D303 /* DictationSwitcherAppDelegate.m */; };
		116E871515C44B090090D303 /* MainMenu.xib in Resources */ = {isa = PBXBuildFile; fileRef = 116E871315C44B090090D303 /* MainMenu.xib */; };
		116E871F15C451750090D303 /* statusicon@2x.png in Resources */ = {isa = PBXBuildFile; fileRef = 116E871D15C451750090D303 /* statusicon@2x.png */; };
		116E872015C451750090D303 /* statusicon.png in Resources */ = {isa = PBXBuildFile; fileRef = 116E871E15C451750090D303 /* statusicon.png */; };
		116E872515C453DD0090D303 /* statusicon-alt.png in Resources */ = {isa = PBXBuildFile; fileRef = 116E872315C453DD0090D303 /* statusicon-alt.png */; };
		116E872615C453DD0090D303 /* statusicon-alt@2x.png in Resources */ = {isa = PBXBuildFile; fileRef = 116E872415C453DD0090D303 /* statusicon-alt@2x.png */; };
		11829DFC15C5314A00A5051D /* statusicon-off-alt@2x.png in Resources */ = {isa = PBXBuildFile; fileRef = 11829DF815C5314A00A5051D /* statusicon-off-alt@2x.png */; };
		11829DFD15C5314A00A5051D /* statusicon-off.png in Resources */ = {isa = PBXBuildFile; fileRef = 11829DF915C5314A00A5051D /* statusicon-off.png */; };
		11829DFE15C5314A00A5051D /* statusicon-off@2x.png in Resources */ = {isa = PBXBuildFile; fileRef = 11829DFA15C5314A00A5051D /* statusicon-off@2x.png */; };
		11829DFF15C5314A00A5051D /* statusicon-off-alt.png in Resources */ = {isa = PBXBuildFile; fileRef = 11829DFB15C5314A00A5051D /* statusicon-off-alt.png */; };
		1194A3BB15C6BA1F000D15F4 /* en-AU.png in Resources */ = {isa = PBXBuildFile; fileRef = 1194A3AF15C6BA1F000D15F4 /* en-AU.png */; };
		1194A3BC15C6BA1F000D15F4 /* en-AU@2x.png in Resources */ = {isa = PBXBuildFile; fileRef = 1194A3B015C6BA1F000D15F4 /* en-AU@2x.png */; };
		1194A3BD15C6BA1F000D15F4 /* de-DE.png in Resources */ = {isa = PBXBuildFile; fileRef = 1194A3B115C6BA1F000D15F4 /* de-DE.png */; };
		1194A3BE15C6BA1F000D15F4 /* de-DE@2x.png in Resources */ = {isa = PBXBuildFile; fileRef = 1194A3B215C6BA1F000D15F4 /* de-DE@2x.png */; };
		1194A3BF15C6BA1F000D15F4 /* fr-FR.png in Resources */ = {isa = PBXBuildFile; fileRef = 1194A3B315C6BA1F000D15F4 /* fr-FR.png */; };
		1194A3C015C6BA1F000D15F4 /* fr-FR@2x.png in Resources */ = {isa = PBXBuildFile; fileRef = 1194A3B415C6BA1F000D15F4 /* fr-FR@2x.png */; };
		1194A3C115C6BA1F000D15F4 /* ja-JP.png in Resources */ = {isa = PBXBuildFile; fileRef = 1194A3B515C6BA1F000D15F4 /* ja-JP.png */; };
		1194A3C215C6BA1F000D15F4 /* ja-JP@2x.png in Resources */ = {isa = PBXBuildFile; fileRef = 1194A3B615C6BA1F000D15F4 /* ja-JP@2x.png */; };
		1194A3C515C6BA1F000D15F4 /* en-US.png in Resources */ = {isa = PBXBuildFile; fileRef = 1194A3B915C6BA1F000D15F4 /* en-US.png */; };
		1194A3C615C6BA1F000D15F4 /* en-US@2x.png in Resources */ = {isa = PBXBuildFile; fileRef = 1194A3BA15C6BA1F000D15F4 /* en-US@2x.png */; };
		11BB1DC41612363A0020800D /* de-CH.png in Resources */ = {isa = PBXBuildFile; fileRef = 11BB1DAA1612363A0020800D /* de-CH.png */; };
		11BB1DC51612363A0020800D /* de-CH@2x.png in Resources */ = {isa = PBXBuildFile; fileRef = 11BB1DAB1612363A0020800D /* de-CH@2x.png */; };
		11BB1DC61612363A0020800D /* en-CA.png in Resources */ = {isa = PBXBuildFile; fileRef = 11BB1DAC1612363A0020800D /* en-CA.png */; };
		11BB1DC71612363A0020800D /* en-CA@2x.png in Resources */ = {isa = PBXBuildFile; fileRef = 11BB1DAD1612363A0020800D /* en-CA@2x.png */; };
		11BB1DC81612363A0020800D /* es-ES.png in Resources */ = {isa = PBXBuildFile; fileRef = 11BB1DAE1612363A0020800D /* es-ES.png */; };
		11BB1DC91612363A0020800D /* es-ES@2x.png in Resources */ = {isa = PBXBuildFile; fileRef = 11BB1DAF1612363A0020800D /* es-ES@2x.png */; };
		11BB1DCA1612363A0020800D /* es-MX.png in Resources */ = {isa = PBXBuildFile; fileRef = 11BB1DB01612363A0020800D /* es-MX.png */; };
		11BB1DCB1612363A0020800D /* es-MX@2x.png in Resources */ = {isa = PBXBuildFile; fileRef = 11BB1DB11612363A0020800D /* es-MX@2x.png */; };
		11BB1DCC1612363A0020800D /* es-US.png in Resources */ = {isa = PBXBuildFile; fileRef = 11BB1DB21612363A0020800D /* es-US.png */; };
		11BB1DCD1612363A0020800D /* es-US@2x.png in Resources */ = {isa = PBXBuildFile; fileRef = 11BB1DB31612363A0020800D /* es-US@2x.png */; };
		11BB1DCE1612363A0020800D /* fr-CA.png in Resources */ = {isa = PBXBuildFile; fileRef = 11BB1DB41612363A0020800D /* fr-CA.png */; };
		11BB1DCF1612363A0020800D /* fr-CA@2x.png in Resources */ = {isa = PBXBuildFile; fileRef = 11BB1DB51612363A0020800D /* fr-CA@2x.png */; };
		11BB1DD01612363A0020800D /* fr-CH.png in Resources */ = {isa = PBXBuildFile; fileRef = 11BB1DB61612363A0020800D /* fr-CH.png */; };
		11BB1DD11612363A0020800D /* fr-CH@2x.png in Resources */ = {isa = PBXBuildFile; fileRef = 11BB1DB71612363A0020800D /* fr-CH@2x.png */; };
		11BB1DD21612363A0020800D /* it-CH.png in Resources */ = {isa = PBXBuildFile; fileRef = 11BB1DB81612363A0020800D /* it-CH.png */; };
		11BB1DD31612363A0020800D /* it-CH@2x.png in Resources */ = {isa = PBXBuildFile; fileRef = 11BB1DB91612363A0020800D /* it-CH@2x.png */; };
		11BB1DD41612363A0020800D /* it-IT.png in Resources */ = {isa = PBXBuildFile; fileRef = 11BB1DBA1612363A0020800D /* it-IT.png */; };
		11BB1DD51612363A0020800D /* it-IT@2x.png in Resources */ = {isa = PBXBuildFile; fileRef = 11BB1DBB1612363A0020800D /* it-IT@2x.png */; };
		11BB1DD61612363A0020800D /* ko-KR.png in Resources */ = {isa = PBXBuildFile; fileRef = 11BB1DBC1612363A0020800D /* ko-KR.png */; };
		11BB1DD71612363A0020800D /* ko-KR@2x.png in Resources */ = {isa = PBXBuildFile; fileRef = 11BB1DBD1612363A0020800D /* ko-KR@2x.png */; };
		11BB1DD81612363A0020800D /* zh-CN.png in Resources */ = {isa = PBXBuildFile; fileRef = 11BB1DBE1612363A0020800D /* zh-CN.png */; };
		11BB1DD91612363A0020800D /* zh-CN@2x.png in Resources */ = {isa = PBXBuildFile; fileRef = 11BB1DBF1612363A0020800D /* zh-CN@2x.png */; };
		11BB1DDA1612363A0020800D /* zh-HK.png in Resources */ = {isa = PBXBuildFile; fileRef = 11BB1DC01612363A0020800D /* zh-HK.png */; };
		11BB1DDB1612363A0020800D /* zh-HK@2x.png in Resources */ = {isa = PBXBuildFile; fileRef = 11BB1DC11612363A0020800D /* zh-HK@2x.png */; };
		11BB1DDC1612363A0020800D /* zh-TW.png in Resources */ = {isa = PBXBuildFile; fileRef = 11BB1DC21612363A0020800D /* zh-TW.png */; };
		11BB1DDD1612363A0020800D /* zh-TW@2x.png in Resources */ = {isa = PBXBuildFile; fileRef = 11BB1DC31612363A0020800D /* zh-TW@2x.png */; };
		11BB1DE8161236680020800D /* MASShortcut.m in Sources */ = {isa = PBXBuildFile; fileRef = 11BB1DDF161236680020800D /* MASShortcut.m */; };
		11BB1DE9161236680020800D /* MASShortcut+Monitoring.m in Sources */ = {isa = PBXBuildFile; fileRef = 11BB1DE1161236680020800D /* MASShortcut+Monitoring.m */; };
		11BB1DEA161236680020800D /* MASShortcut+UserDefaults.m in Sources */ = {isa = PBXBuildFile; fileRef = 11BB1DE3161236680020800D /* MASShortcut+UserDefaults.m */; };
		11BB1DEB161236680020800D /* MASShortcutView.m in Sources */ = {isa = PBXBuildFile; fileRef = 11BB1DE5161236680020800D /* MASShortcutView.m */; };
		11BB1DEC161236680020800D /* MASShortcutView+UserDefaults.m in Sources */ = {isa = PBXBuildFile; fileRef = 11BB1DE7161236680020800D /* MASShortcutView+UserDefaults.m */; };
		11F88B0915C688EC00EC051B /* DictationSwitcher.iconset in Resources */ = {isa = PBXBuildFile; fileRef = 11F88B0815C688EC00EC051B /* DictationSwitcher.iconset */; };
		75AC28F215CF0045004A67DD /* en-GB.png in Resources */ = {isa = PBXBuildFile; fileRef = 75AC28F015CF0045004A67DD /* en-GB.png */; };
		75AC28F315CF0045004A67DD /* en-GB@2x.png in Resources */ = {isa = PBXBuildFile; fileRef = 75AC28F115CF0045004A67DD /* en-GB@2x.png */; };
		8C9F17D515DF881C00ED04E6 /* Carbon.framework in Frameworks */ = {isa = PBXBuildFile; fileRef = 8C9F17D415DF881C00ED04E6 /* Carbon.framework */; };
/* End PBXBuildFile section */

/* Begin PBXFileReference section */
		116E86FA15C44B090090D303 /* DictationSwitcher.app */ = {isa = PBXFileReference; explicitFileType = wrapper.application; includeInIndex = 0; path = DictationSwitcher.app; sourceTree = BUILT_PRODUCTS_DIR; };
		116E86FE15C44B090090D303 /* Cocoa.framework */ = {isa = PBXFileReference; lastKnownFileType = wrapper.framework; name = Cocoa.framework; path = System/Library/Frameworks/Cocoa.framework; sourceTree = SDKROOT; };
		116E870115C44B090090D303 /* AppKit.framework */ = {isa = PBXFileReference; lastKnownFileType = wrapper.framework; name = AppKit.framework; path = System/Library/Frameworks/AppKit.framework; sourceTree = SDKROOT; };
		116E870215C44B090090D303 /* CoreData.framework */ = {isa = PBXFileReference; lastKnownFileType = wrapper.framework; name = CoreData.framework; path = System/Library/Frameworks/CoreData.framework; sourceTree = SDKROOT; };
		116E870315C44B090090D303 /* Foundation.framework */ = {isa = PBXFileReference; lastKnownFileType = wrapper.framework; name = Foundation.framework; path = System/Library/Frameworks/Foundation.framework; sourceTree = SDKROOT; };
		116E870615C44B090090D303 /* DictationSwitcher-Info.plist */ = {isa = PBXFileReference; lastKnownFileType = text.plist.xml; path = "DictationSwitcher-Info.plist"; sourceTree = "<group>"; };
		116E870815C44B090090D303 /* en */ = {isa = PBXFileReference; lastKnownFileType = text.plist.strings; name = en; path = en.lproj/InfoPlist.strings; sourceTree = "<group>"; };
		116E870A15C44B090090D303 /* main.m */ = {isa = PBXFileReference; lastKnownFileType = sourcecode.c.objc; path = main.m; sourceTree = "<group>"; };
		116E870C15C44B090090D303 /* DictationSwitcher-Prefix.pch */ = {isa = PBXFileReference; lastKnownFileType = sourcecode.c.h; path = "DictationSwitcher-Prefix.pch"; sourceTree = "<group>"; };
		116E870E15C44B090090D303 /* en */ = {isa = PBXFileReference; lastKnownFileType = text.rtf; name = en; path = en.lproj/Credits.rtf; sourceTree = "<group>"; };
		116E871015C44B090090D303 /* DictationSwitcherAppDelegate.h */ = {isa = PBXFileReference; lastKnownFileType = sourcecode.c.h; lineEnding = 0; path = DictationSwitcherAppDelegate.h; sourceTree = "<group>"; xcLanguageSpecificationIdentifier = xcode.lang.objcpp; };
		116E871115C44B090090D303 /* DictationSwitcherAppDelegate.m */ = {isa = PBXFileReference; lastKnownFileType = sourcecode.c.objc; lineEnding = 0; path = DictationSwitcherAppDelegate.m; sourceTree = "<group>"; xcLanguageSpecificationIdentifier = xcode.lang.objc; };
		116E871415C44B090090D303 /* en */ = {isa = PBXFileReference; lastKnownFileType = file.xib; name = en; path = en.lproj/MainMenu.xib; sourceTree = "<group>"; };
		116E871D15C451750090D303 /* statusicon@2x.png */ = {isa = PBXFileReference; lastKnownFileType = image.png; name = "statusicon@2x.png"; path = "DictationSwitcher/statusicon@2x.png"; sourceTree = "<group>"; };
		116E871E15C451750090D303 /* statusicon.png */ = {isa = PBXFileReference; lastKnownFileType = image.png; name = statusicon.png; path = DictationSwitcher/statusicon.png; sourceTree = "<group>"; };
		116E872315C453DD0090D303 /* statusicon-alt.png */ = {isa = PBXFileReference; lastKnownFileType = image.png; name = "statusicon-alt.png"; path = "DictationSwitcher/statusicon-alt.png"; sourceTree = "<group>"; };
		116E872415C453DD0090D303 /* statusicon-alt@2x.png */ = {isa = PBXFileReference; lastKnownFileType = image.png; name = "statusicon-alt@2x.png"; path = "DictationSwitcher/statusicon-alt@2x.png"; sourceTree = "<group>"; };
		11829DF815C5314A00A5051D /* statusicon-off-alt@2x.png */ = {isa = PBXFileReference; lastKnownFileType = image.png; name = "statusicon-off-alt@2x.png"; path = "DictationSwitcher/statusicon-off-alt@2x.png"; sourceTree = "<group>"; };
		11829DF915C5314A00A5051D /* statusicon-off.png */ = {isa = PBXFileReference; lastKnownFileType = image.png; name = "statusicon-off.png"; path = "DictationSwitcher/statusicon-off.png"; sourceTree = "<group>"; };
		11829DFA15C5314A00A5051D /* statusicon-off@2x.png */ = {isa = PBXFileReference; lastKnownFileType = image.png; name = "statusicon-off@2x.png"; path = "DictationSwitcher/statusicon-off@2x.png"; sourceTree = "<group>"; };
		11829DFB15C5314A00A5051D /* statusicon-off-alt.png */ = {isa = PBXFileReference; lastKnownFileType = image.png; name = "statusicon-off-alt.png"; path = "DictationSwitcher/statusicon-off-alt.png"; sourceTree = "<group>"; };
		1194A3AF15C6BA1F000D15F4 /* en-AU.png */ = {isa = PBXFileReference; lastKnownFileType = image.png; name = "en-AU.png"; path = "DictationSwitcher/en-AU.png"; sourceTree = "<group>"; };
		1194A3B015C6BA1F000D15F4 /* en-AU@2x.png */ = {isa = PBXFileReference; lastKnownFileType = image.png; name = "en-AU@2x.png"; path = "DictationSwitcher/en-AU@2x.png"; sourceTree = "<group>"; };
		1194A3B115C6BA1F000D15F4 /* de-DE.png */ = {isa = PBXFileReference; lastKnownFileType = image.png; name = "de-DE.png"; path = "DictationSwitcher/de-DE.png"; sourceTree = "<group>"; };
		1194A3B215C6BA1F000D15F4 /* de-DE@2x.png */ = {isa = PBXFileReference; lastKnownFileType = image.png; name = "de-DE@2x.png"; path = "DictationSwitcher/de-DE@2x.png"; sourceTree = "<group>"; };
		1194A3B315C6BA1F000D15F4 /* fr-FR.png */ = {isa = PBXFileReference; lastKnownFileType = image.png; name = "fr-FR.png"; path = "DictationSwitcher/fr-FR.png"; sourceTree = "<group>"; };
		1194A3B415C6BA1F000D15F4 /* fr-FR@2x.png */ = {isa = PBXFileReference; lastKnownFileType = image.png; name = "fr-FR@2x.png"; path = "DictationSwitcher/fr-FR@2x.png"; sourceTree = "<group>"; };
		1194A3B515C6BA1F000D15F4 /* ja-JP.png */ = {isa = PBXFileReference; lastKnownFileType = image.png; name = "ja-JP.png"; path = "DictationSwitcher/ja-JP.png"; sourceTree = "<group>"; };
		1194A3B615C6BA1F000D15F4 /* ja-JP@2x.png */ = {isa = PBXFileReference; lastKnownFileType = image.png; name = "ja-JP@2x.png"; path = "DictationSwitcher/ja-JP@2x.png"; sourceTree = "<group>"; };
		1194A3B915C6BA1F000D15F4 /* en-US.png */ = {isa = PBXFileReference; lastKnownFileType = image.png; name = "en-US.png"; path = "DictationSwitcher/en-US.png"; sourceTree = "<group>"; };
		1194A3BA15C6BA1F000D15F4 /* en-US@2x.png */ = {isa = PBXFileReference; lastKnownFileType = image.png; name = "en-US@2x.png"; path = "DictationSwitcher/en-US@2x.png"; sourceTree = "<group>"; };
		11BB1DAA1612363A0020800D /* de-CH.png */ = {isa = PBXFileReference; lastKnownFileType = image.png; name = "de-CH.png"; path = "DictationSwitcher/de-CH.png"; sourceTree = "<group>"; };
		11BB1DAB1612363A0020800D /* de-CH@2x.png */ = {isa = PBXFileReference; lastKnownFileType = image.png; name = "de-CH@2x.png"; path = "DictationSwitcher/de-CH@2x.png"; sourceTree = "<group>"; };
		11BB1DAC1612363A0020800D /* en-CA.png */ = {isa = PBXFileReference; lastKnownFileType = image.png; name = "en-CA.png"; path = "DictationSwitcher/en-CA.png"; sourceTree = "<group>"; };
		11BB1DAD1612363A0020800D /* en-CA@2x.png */ = {isa = PBXFileReference; lastKnownFileType = image.png; name = "en-CA@2x.png"; path = "DictationSwitcher/en-CA@2x.png"; sourceTree = "<group>"; };
		11BB1DAE1612363A0020800D /* es-ES.png */ = {isa = PBXFileReference; lastKnownFileType = image.png; name = "es-ES.png"; path = "DictationSwitcher/es-ES.png"; sourceTree = "<group>"; };
		11BB1DAF1612363A0020800D /* es-ES@2x.png */ = {isa = PBXFileReference; lastKnownFileType = image.png; name = "es-ES@2x.png"; path = "DictationSwitcher/es-ES@2x.png"; sourceTree = "<group>"; };
		11BB1DB01612363A0020800D /* es-MX.png */ = {isa = PBXFileReference; lastKnownFileType = image.png; name = "es-MX.png"; path = "DictationSwitcher/es-MX.png"; sourceTree = "<group>"; };
		11BB1DB11612363A0020800D /* es-MX@2x.png */ = {isa = PBXFileReference; lastKnownFileType = image.png; name = "es-MX@2x.png"; path = "DictationSwitcher/es-MX@2x.png"; sourceTree = "<group>"; };
		11BB1DB21612363A0020800D /* es-US.png */ = {isa = PBXFileReference; lastKnownFileType = image.png; name = "es-US.png"; path = "DictationSwitcher/es-US.png"; sourceTree = "<group>"; };
		11BB1DB31612363A0020800D /* es-US@2x.png */ = {isa = PBXFileReference; lastKnownFileType = image.png; name = "es-US@2x.png"; path = "DictationSwitcher/es-US@2x.png"; sourceTree = "<group>"; };
		11BB1DB41612363A0020800D /* fr-CA.png */ = {isa = PBXFileReference; lastKnownFileType = image.png; name = "fr-CA.png"; path = "DictationSwitcher/fr-CA.png"; sourceTree = "<group>"; };
		11BB1DB51612363A0020800D /* fr-CA@2x.png */ = {isa = PBXFileReference; lastKnownFileType = image.png; name = "fr-CA@2x.png"; path = "DictationSwitcher/fr-CA@2x.png"; sourceTree = "<group>"; };
		11BB1DB61612363A0020800D /* fr-CH.png */ = {isa = PBXFileReference; lastKnownFileType = image.png; name = "fr-CH.png"; path = "DictationSwitcher/fr-CH.png"; sourceTree = "<group>"; };
		11BB1DB71612363A0020800D /* fr-CH@2x.png */ = {isa = PBXFileReference; lastKnownFileType = image.png; name = "fr-CH@2x.png"; path = "DictationSwitcher/fr-CH@2x.png"; sourceTree = "<group>"; };
		11BB1DB81612363A0020800D /* it-CH.png */ = {isa = PBXFileReference; lastKnownFileType = image.png; name = "it-CH.png"; path = "DictationSwitcher/it-CH.png"; sourceTree = "<group>"; };
		11BB1DB91612363A0020800D /* it-CH@2x.png */ = {isa = PBXFileReference; lastKnownFileType = image.png; name = "it-CH@2x.png"; path = "DictationSwitcher/it-CH@2x.png"; sourceTree = "<group>"; };
		11BB1DBA1612363A0020800D /* it-IT.png */ = {isa = PBXFileReference; lastKnownFileType = image.png; name = "it-IT.png"; path = "DictationSwitcher/it-IT.png"; sourceTree = "<group>"; };
		11BB1DBB1612363A0020800D /* it-IT@2x.png */ = {isa = PBXFileReference; lastKnownFileType = image.png; name = "it-IT@2x.png"; path = "DictationSwitcher/it-IT@2x.png"; sourceTree = "<group>"; };
		11BB1DBC1612363A0020800D /* ko-KR.png */ = {isa = PBXFileReference; lastKnownFileType = image.png; name = "ko-KR.png"; path = "DictationSwitcher/ko-KR.png"; sourceTree = "<group>"; };
		11BB1DBD1612363A0020800D /* ko-KR@2x.png */ = {isa = PBXFileReference; lastKnownFileType = image.png; name = "ko-KR@2x.png"; path = "DictationSwitcher/ko-KR@2x.png"; sourceTree = "<group>"; };
		11BB1DBE1612363A0020800D /* zh-CN.png */ = {isa = PBXFileReference; lastKnownFileType = image.png; name = "zh-CN.png"; path = "DictationSwitcher/zh-CN.png"; sourceTree = "<group>"; };
		11BB1DBF1612363A0020800D /* zh-CN@2x.png */ = {isa = PBXFileReference; lastKnownFileType = image.png; name = "zh-CN@2x.png"; path = "DictationSwitcher/zh-CN@2x.png"; sourceTree = "<group>"; };
		11BB1DC01612363A0020800D /* zh-HK.png */ = {isa = PBXFileReference; lastKnownFileType = image.png; name = "zh-HK.png"; path = "DictationSwitcher/zh-HK.png"; sourceTree = "<group>"; };
		11BB1DC11612363A0020800D /* zh-HK@2x.png */ = {isa = PBXFileReference; lastKnownFileType = image.png; name = "zh-HK@2x.png"; path = "DictationSwitcher/zh-HK@2x.png"; sourceTree = "<group>"; };
		11BB1DC21612363A0020800D /* zh-TW.png */ = {isa = PBXFileReference; lastKnownFileType = image.png; name = "zh-TW.png"; path = "DictationSwitcher/zh-TW.png"; sourceTree = "<group>"; };
		11BB1DC31612363A0020800D /* zh-TW@2x.png */ = {isa = PBXFileReference; lastKnownFileType = image.png; name = "zh-TW@2x.png"; path = "DictationSwitcher/zh-TW@2x.png"; sourceTree = "<group>"; };
		11BB1DDE161236680020800D /* MASShortcut.h */ = {isa = PBXFileReference; fileEncoding = 4; lastKnownFileType = sourcecode.c.h; name = MASShortcut.h; path = DictationSwitcher/MASShortcut.h; sourceTree = "<group>"; };
		11BB1DDF161236680020800D /* MASShortcut.m */ = {isa = PBXFileReference; fileEncoding = 4; lastKnownFileType = sourcecode.c.objc; name = MASShortcut.m; path = DictationSwitcher/MASShortcut.m; sourceTree = "<group>"; };
		11BB1DE0161236680020800D /* MASShortcut+Monitoring.h */ = {isa = PBXFileReference; fileEncoding = 4; lastKnownFileType = sourcecode.c.h; name = "MASShortcut+Monitoring.h"; path = "DictationSwitcher/MASShortcut+Monitoring.h"; sourceTree = "<group>"; };
		11BB1DE1161236680020800D /* MASShortcut+Monitoring.m */ = {isa = PBXFileReference; fileEncoding = 4; lastKnownFileType = sourcecode.c.objc; name = "MASShortcut+Monitoring.m"; path = "DictationSwitcher/MASShortcut+Monitoring.m"; sourceTree = "<group>"; };
		11BB1DE2161236680020800D /* MASShortcut+UserDefaults.h */ = {isa = PBXFileReference; fileEncoding = 4; lastKnownFileType = sourcecode.c.h; name = "MASShortcut+UserDefaults.h"; path = "DictationSwitcher/MASShortcut+UserDefaults.h"; sourceTree = "<group>"; };
		11BB1DE3161236680020800D /* MASShortcut+UserDefaults.m */ = {isa = PBXFileReference; fileEncoding = 4; lastKnownFileType = sourcecode.c.objc; name = "MASShortcut+UserDefaults.m"; path = "DictationSwitcher/MASShortcut+UserDefaults.m"; sourceTree = "<group>"; };
		11BB1DE4161236680020800D /* MASShortcutView.h */ = {isa = PBXFileReference; fileEncoding = 4; lastKnownFileType = sourcecode.c.h; name = MASShortcutView.h; path = DictationSwitcher/MASShortcutView.h; sourceTree = "<group>"; };
		11BB1DE5161236680020800D /* MASShortcutView.m */ = {isa = PBXFileReference; fileEncoding = 4; lastKnownFileType = sourcecode.c.objc; name = MASShortcutView.m; path = DictationSwitcher/MASShortcutView.m; sourceTree = "<group>"; };
		11BB1DE6161236680020800D /* MASShortcutView+UserDefaults.h */ = {isa = PBXFileReference; fileEncoding = 4; lastKnownFileType = sourcecode.c.h; name = "MASShortcutView+UserDefaults.h"; path = "DictationSwitcher/MASShortcutView+UserDefaults.h"; sourceTree = "<group>"; };
		11BB1DE7161236680020800D /* MASShortcutView+UserDefaults.m */ = {isa = PBXFileReference; fileEncoding = 4; lastKnownFileType = sourcecode.c.objc; name = "MASShortcutView+UserDefaults.m"; path = "DictationSwitcher/MASShortcutView+UserDefaults.m"; sourceTree = "<group>"; };
		11F88B0815C688EC00EC051B /* DictationSwitcher.iconset */ = {isa = PBXFileReference; lastKnownFileType = folder.iconset; path = DictationSwitcher.iconset; sourceTree = "<group>"; };
		75AC28F015CF0045004A67DD /* en-GB.png */ = {isa = PBXFileReference; lastKnownFileType = image.png; name = "en-GB.png"; path = "DictationSwitcher/en-GB.png"; sourceTree = "<group>"; };
		75AC28F115CF0045004A67DD /* en-GB@2x.png */ = {isa = PBXFileReference; lastKnownFileType = image.png; name = "en-GB@2x.png"; path = "DictationSwitcher/en-GB@2x.png"; sourceTree = "<group>"; };
		8C9F17D415DF881C00ED04E6 /* Carbon.framework */ = {isa = PBXFileReference; lastKnownFileType = wrapper.framework; name = Carbon.framework; path = System/Library/Frameworks/Carbon.framework; sourceTree = SDKROOT; };
/* End PBXFileReference section */

/* Begin PBXFrameworksBuildPhase section */
		116E86F715C44B090090D303 /* Frameworks */ = {
			isa = PBXFrameworksBuildPhase;
			buildActionMask = 2147483647;
			files = (
				8C9F17D515DF881C00ED04E6 /* Carbon.framework in Frameworks */,
				116E86FF15C44B090090D303 /* Cocoa.framework in Frameworks */,
			);
			runOnlyForDeploymentPostprocessing = 0;
		};
/* End PBXFrameworksBuildPhase section */

/* Begin PBXGroup section */
		116E86EF15C44B090090D303 = {
			isa = PBXGroup;
			children = (
				11BB1D9516122A980020800D /* MASShortcut */,
				11F88B0A15C6892700EC051B /* Resources */,
				116E870415C44B090090D303 /* DictationSwitcher */,
				116E86FD15C44B090090D303 /* Frameworks */,
				116E86FB15C44B090090D303 /* Products */,
			);
			sourceTree = "<group>";
		};
		116E86FB15C44B090090D303 /* Products */ = {
			isa = PBXGroup;
			children = (
				116E86FA15C44B090090D303 /* DictationSwitcher.app */,
			);
			name = Products;
			sourceTree = "<group>";
		};
		116E86FD15C44B090090D303 /* Frameworks */ = {
			isa = PBXGroup;
			children = (
				8C9F17D415DF881C00ED04E6 /* Carbon.framework */,
				116E86FE15C44B090090D303 /* Cocoa.framework */,
				116E870015C44B090090D303 /* Other Frameworks */,
			);
			name = Frameworks;
			sourceTree = "<group>";
		};
		116E870015C44B090090D303 /* Other Frameworks */ = {
			isa = PBXGroup;
			children = (
				116E870115C44B090090D303 /* AppKit.framework */,
				116E870215C44B090090D303 /* CoreData.framework */,
				116E870315C44B090090D303 /* Foundation.framework */,
			);
			name = "Other Frameworks";
			sourceTree = "<group>";
		};
		116E870415C44B090090D303 /* DictationSwitcher */ = {
			isa = PBXGroup;
			children = (
				116E871015C44B090090D303 /* DictationSwitcherAppDelegate.h */,
				116E871115C44B090090D303 /* DictationSwitcherAppDelegate.m */,
				116E871315C44B090090D303 /* MainMenu.xib */,
				116E870515C44B090090D303 /* Supporting Files */,
			);
			path = DictationSwitcher;
			sourceTree = "<group>";
		};
		116E870515C44B090090D303 /* Supporting Files */ = {
			isa = PBXGroup;
			children = (
				116E870615C44B090090D303 /* DictationSwitcher-Info.plist */,
				116E870715C44B090090D303 /* InfoPlist.strings */,
				116E870A15C44B090090D303 /* main.m */,
				116E870C15C44B090090D303 /* DictationSwitcher-Prefix.pch */,
				116E870D15C44B090090D303 /* Credits.rtf */,
			);
			name = "Supporting Files";
			sourceTree = "<group>";
		};
		11BB1D9516122A980020800D /* MASShortcut */ = {
			isa = PBXGroup;
			children = (
				11BB1DDE161236680020800D /* MASShortcut.h */,
				11BB1DDF161236680020800D /* MASShortcut.m */,
				11BB1DE0161236680020800D /* MASShortcut+Monitoring.h */,
				11BB1DE1161236680020800D /* MASShortcut+Monitoring.m */,
				11BB1DE2161236680020800D /* MASShortcut+UserDefaults.h */,
				11BB1DE3161236680020800D /* MASShortcut+UserDefaults.m */,
				11BB1DE4161236680020800D /* MASShortcutView.h */,
				11BB1DE5161236680020800D /* MASShortcutView.m */,
				11BB1DE6161236680020800D /* MASShortcutView+UserDefaults.h */,
				11BB1DE7161236680020800D /* MASShortcutView+UserDefaults.m */,
			);
			name = MASShortcut;
			sourceTree = "<group>";
		};
		11F88B0A15C6892700EC051B /* Resources */ = {
			isa = PBXGroup;
			children = (
				11BB1DAA1612363A0020800D /* de-CH.png */,
				11BB1DAB1612363A0020800D /* de-CH@2x.png */,
				11BB1DAC1612363A0020800D /* en-CA.png */,
				11BB1DAD1612363A0020800D /* en-CA@2x.png */,
				11BB1DAE1612363A0020800D /* es-ES.png */,
				11BB1DAF1612363A0020800D /* es-ES@2x.png */,
				11BB1DB01612363A0020800D /* es-MX.png */,
				11BB1DB11612363A0020800D /* es-MX@2x.png */,
				11BB1DB21612363A0020800D /* es-US.png */,
				11BB1DB31612363A0020800D /* es-US@2x.png */,
				11BB1DB41612363A0020800D /* fr-CA.png */,
				11BB1DB51612363A0020800D /* fr-CA@2x.png */,
				11BB1DB61612363A0020800D /* fr-CH.png */,
				11BB1DB71612363A0020800D /* fr-CH@2x.png */,
				11BB1DB81612363A0020800D /* it-CH.png */,
				11BB1DB91612363A0020800D /* it-CH@2x.png */,
				11BB1DBA1612363A0020800D /* it-IT.png */,
				11BB1DBB1612363A0020800D /* it-IT@2x.png */,
				11BB1DBC1612363A0020800D /* ko-KR.png */,
				11BB1DBD1612363A0020800D /* ko-KR@2x.png */,
				11BB1DBE1612363A0020800D /* zh-CN.png */,
				11BB1DBF1612363A0020800D /* zh-CN@2x.png */,
				11BB1DC01612363A0020800D /* zh-HK.png */,
				11BB1DC11612363A0020800D /* zh-HK@2x.png */,
				11BB1DC21612363A0020800D /* zh-TW.png */,
				11BB1DC31612363A0020800D /* zh-TW@2x.png */,
				75AC28F015CF0045004A67DD /* en-GB.png */,
				75AC28F115CF0045004A67DD /* en-GB@2x.png */,
				1194A3AF15C6BA1F000D15F4 /* en-AU.png */,
				1194A3B015C6BA1F000D15F4 /* en-AU@2x.png */,
				1194A3B115C6BA1F000D15F4 /* de-DE.png */,
				1194A3B215C6BA1F000D15F4 /* de-DE@2x.png */,
				1194A3B315C6BA1F000D15F4 /* fr-FR.png */,
				1194A3B415C6BA1F000D15F4 /* fr-FR@2x.png */,
				1194A3B515C6BA1F000D15F4 /* ja-JP.png */,
				1194A3B615C6BA1F000D15F4 /* ja-JP@2x.png */,
				1194A3B915C6BA1F000D15F4 /* en-US.png */,
				1194A3BA15C6BA1F000D15F4 /* en-US@2x.png */,
				116E872315C453DD0090D303 /* statusicon-alt.png */,
				116E872415C453DD0090D303 /* statusicon-alt@2x.png */,
				116E871D15C451750090D303 /* statusicon@2x.png */,
				116E871E15C451750090D303 /* statusicon.png */,
				11829DF815C5314A00A5051D /* statusicon-off-alt@2x.png */,
				11829DF915C5314A00A5051D /* statusicon-off.png */,
				11829DFA15C5314A00A5051D /* statusicon-off@2x.png */,
				11829DFB15C5314A00A5051D /* statusicon-off-alt.png */,
				11F88B0815C688EC00EC051B /* DictationSwitcher.iconset */,
			);
			name = Resources;
			sourceTree = "<group>";
		};
/* End PBXGroup section */

/* Begin PBXNativeTarget section */
		116E86F915C44B090090D303 /* DictationSwitcher */ = {
			isa = PBXNativeTarget;
			buildConfigurationList = 116E871815C44B090090D303 /* Build configuration list for PBXNativeTarget "DictationSwitcher" */;
			buildPhases = (
				116E86F615C44B090090D303 /* Sources */,
				116E86F715C44B090090D303 /* Frameworks */,
				116E86F815C44B090090D303 /* Resources */,
			);
			buildRules = (
			);
			dependencies = (
			);
			name = DictationSwitcher;
			productName = DictationSwitcher;
			productReference = 116E86FA15C44B090090D303 /* DictationSwitcher.app */;
			productType = "com.apple.product-type.application";
		};
/* End PBXNativeTarget section */

/* Begin PBXProject section */
		116E86F115C44B090090D303 /* Project object */ = {
			isa = PBXProject;
			attributes = {
				CLASSPREFIX = DictationSwitcher;
				LastUpgradeCheck = 0440;
				ORGANIZATIONNAME = "René Fouquet";
			};
			buildConfigurationList = 116E86F415C44B090090D303 /* Build configuration list for PBXProject "DictationSwitcher" */;
			compatibilityVersion = "Xcode 3.2";
			developmentRegion = English;
			hasScannedForEncodings = 0;
			knownRegions = (
				en,
			);
			mainGroup = 116E86EF15C44B090090D303;
			productRefGroup = 116E86FB15C44B090090D303 /* Products */;
			projectDirPath = "";
			projectRoot = "";
			targets = (
				116E86F915C44B090090D303 /* DictationSwitcher */,
			);
		};
/* End PBXProject section */

/* Begin PBXResourcesBuildPhase section */
		116E86F815C44B090090D303 /* Resources */ = {
			isa = PBXResourcesBuildPhase;
			buildActionMask = 2147483647;
			files = (
				116E870915C44B090090D303 /* InfoPlist.strings in Resources */,
				116E870F15C44B090090D303 /* Credits.rtf in Resources */,
				116E871515C44B090090D303 /* MainMenu.xib in Resources */,
				116E871F15C451750090D303 /* statusicon@2x.png in Resources */,
				116E872015C451750090D303 /* statusicon.png in Resources */,
				116E872515C453DD0090D303 /* statusicon-alt.png in Resources */,
				116E872615C453DD0090D303 /* statusicon-alt@2x.png in Resources */,
				11829DFC15C5314A00A5051D /* statusicon-off-alt@2x.png in Resources */,
				11829DFD15C5314A00A5051D /* statusicon-off.png in Resources */,
				11829DFE15C5314A00A5051D /* statusicon-off@2x.png in Resources */,
				11829DFF15C5314A00A5051D /* statusicon-off-alt.png in Resources */,
				11F88B0915C688EC00EC051B /* DictationSwitcher.iconset in Resources */,
				1194A3BB15C6BA1F000D15F4 /* en-AU.png in Resources */,
				1194A3BC15C6BA1F000D15F4 /* en-AU@2x.png in Resources */,
				1194A3BD15C6BA1F000D15F4 /* de-DE.png in Resources */,
				1194A3BE15C6BA1F000D15F4 /* de-DE@2x.png in Resources */,
				1194A3BF15C6BA1F000D15F4 /* fr-FR.png in Resources */,
				1194A3C015C6BA1F000D15F4 /* fr-FR@2x.png in Resources */,
				1194A3C115C6BA1F000D15F4 /* ja-JP.png in Resources */,
				1194A3C215C6BA1F000D15F4 /* ja-JP@2x.png in Resources */,
				1194A3C515C6BA1F000D15F4 /* en-US.png in Resources */,
				1194A3C615C6BA1F000D15F4 /* en-US@2x.png in Resources */,
				75AC28F215CF0045004A67DD /* en-GB.png in Resources */,
				75AC28F315CF0045004A67DD /* en-GB@2x.png in Resources */,
				11BB1DC41612363A0020800D /* de-CH.png in Resources */,
				11BB1DC51612363A0020800D /* de-CH@2x.png in Resources */,
				11BB1DC61612363A0020800D /* en-CA.png in Resources */,
				11BB1DC71612363A0020800D /* en-CA@2x.png in Resources */,
				11BB1DC81612363A0020800D /* es-ES.png in Resources */,
				11BB1DC91612363A0020800D /* es-ES@2x.png in Resources */,
				11BB1DCA1612363A0020800D /* es-MX.png in Resources */,
				11BB1DCB1612363A0020800D /* es-MX@2x.png in Resources */,
				11BB1DCC1612363A0020800D /* es-US.png in Resources */,
				11BB1DCD1612363A0020800D /* es-US@2x.png in Resources */,
				11BB1DCE1612363A0020800D /* fr-CA.png in Resources */,
				11BB1DCF1612363A0020800D /* fr-CA@2x.png in Resources */,
				11BB1DD01612363A0020800D /* fr-CH.png in Resources */,
				11BB1DD11612363A0020800D /* fr-CH@2x.png in Resources */,
				11BB1DD21612363A0020800D /* it-CH.png in Resources */,
				11BB1DD31612363A0020800D /* it-CH@2x.png in Resources */,
				11BB1DD41612363A0020800D /* it-IT.png in Resources */,
				11BB1DD51612363A0020800D /* it-IT@2x.png in Resources */,
				11BB1DD61612363A0020800D /* ko-KR.png in Resources */,
				11BB1DD71612363A0020800D /* ko-KR@2x.png in Resources */,
				11BB1DD81612363A0020800D /* zh-CN.png in Resources */,
				11BB1DD91612363A0020800D /* zh-CN@2x.png in Resources */,
				11BB1DDA1612363A0020800D /* zh-HK.png in Resources */,
				11BB1DDB1612363A0020800D /* zh-HK@2x.png in Resources */,
				11BB1DDC1612363A0020800D /* zh-TW.png in Resources */,
				11BB1DDD1612363A0020800D /* zh-TW@2x.png in Resources */,
			);
			runOnlyForDeploymentPostprocessing = 0;
		};
/* End PBXResourcesBuildPhase section */

/* Begin PBXSourcesBuildPhase section */
		116E86F615C44B090090D303 /* Sources */ = {
			isa = PBXSourcesBuildPhase;
			buildActionMask = 2147483647;
			files = (
				116E870B15C44B090090D303 /* main.m in Sources */,
				116E871215C44B090090D303 /* DictationSwitcherAppDelegate.m in Sources */,
				11BB1DE8161236680020800D /* MASShortcut.m in Sources */,
				11BB1DE9161236680020800D /* MASShortcut+Monitoring.m in Sources */,
				11BB1DEA161236680020800D /* MASShortcut+UserDefaults.m in Sources */,
				11BB1DEB161236680020800D /* MASShortcutView.m in Sources */,
				11BB1DEC161236680020800D /* MASShortcutView+UserDefaults.m in Sources */,
			);
			runOnlyForDeploymentPostprocessing = 0;
		};
/* End PBXSourcesBuildPhase section */

/* Begin PBXVariantGroup section */
		116E870715C44B090090D303 /* InfoPlist.strings */ = {
			isa = PBXVariantGroup;
			children = (
				116E870815C44B090090D303 /* en */,
			);
			name = InfoPlist.strings;
			sourceTree = "<group>";
		};
		116E870D15C44B090090D303 /* Credits.rtf */ = {
			isa = PBXVariantGroup;
			children = (
				116E870E15C44B090090D303 /* en */,
			);
			name = Credits.rtf;
			sourceTree = "<group>";
		};
		116E871315C44B090090D303 /* MainMenu.xib */ = {
			isa = PBXVariantGroup;
			children = (
				116E871415C44B090090D303 /* en */,
			);
			name = MainMenu.xib;
			sourceTree = "<group>";
		};
/* End PBXVariantGroup section */

/* Begin XCBuildConfiguration section */
		116E871615C44B090090D303 /* Debug */ = {
			isa = XCBuildConfiguration;
			buildSettings = {
				ALWAYS_SEARCH_USER_PATHS = NO;
				ARCHS = "$(ARCHS_STANDARD_64_BIT)";
				CLANG_CXX_LANGUAGE_STANDARD = "gnu++0x";
				CLANG_ENABLE_OBJC_ARC = YES;
				CLANG_WARN__DUPLICATE_METHOD_MATCH = YES;
				COPY_PHASE_STRIP = NO;
				GCC_C_LANGUAGE_STANDARD = gnu99;
				GCC_DYNAMIC_NO_PIC = NO;
				GCC_ENABLE_OBJC_EXCEPTIONS = YES;
				GCC_OPTIMIZATION_LEVEL = 0;
				GCC_PREPROCESSOR_DEFINITIONS = (
					"DEBUG=1",
					"$(inherited)",
				);
				GCC_SYMBOLS_PRIVATE_EXTERN = NO;
				GCC_WARN_64_TO_32_BIT_CONVERSION = YES;
				GCC_WARN_ABOUT_RETURN_TYPE = YES;
				GCC_WARN_UNINITIALIZED_AUTOS = YES;
				GCC_WARN_UNUSED_VARIABLE = YES;
				MACOSX_DEPLOYMENT_TARGET = 10.8;
				ONLY_ACTIVE_ARCH = YES;
				SDKROOT = macosx;
			};
			name = Debug;
		};
		116E871715C44B090090D303 /* Release */ = {
			isa = XCBuildConfiguration;
			buildSettings = {
				ALWAYS_SEARCH_USER_PATHS = NO;
				ARCHS = "$(ARCHS_STANDARD_64_BIT)";
				CLANG_CXX_LANGUAGE_STANDARD = "gnu++0x";
				CLANG_ENABLE_OBJC_ARC = YES;
				CLANG_WARN__DUPLICATE_METHOD_MATCH = YES;
				COPY_PHASE_STRIP = YES;
				DEBUG_INFORMATION_FORMAT = "dwarf-with-dsym";
				GCC_C_LANGUAGE_STANDARD = gnu99;
				GCC_ENABLE_OBJC_EXCEPTIONS = YES;
				GCC_WARN_64_TO_32_BIT_CONVERSION = YES;
				GCC_WARN_ABOUT_RETURN_TYPE = YES;
				GCC_WARN_UNINITIALIZED_AUTOS = YES;
				GCC_WARN_UNUSED_VARIABLE = YES;
				MACOSX_DEPLOYMENT_TARGET = 10.8;
				SDKROOT = macosx;
			};
			name = Release;
		};
		116E871915C44B090090D303 /* Debug */ = {
			isa = XCBuildConfiguration;
			buildSettings = {
				CLANG_ENABLE_OBJC_ARC = YES;
				COMBINE_HIDPI_IMAGES = YES;
				GCC_PRECOMPILE_PREFIX_HEADER = YES;
				GCC_PREFIX_HEADER = "DictationSwitcher/DictationSwitcher-Prefix.pch";
				INFOPLIST_FILE = "DictationSwitcher/DictationSwitcher-Info.plist";
				MACOSX_DEPLOYMENT_TARGET = 10.8;
				PRODUCT_NAME = "$(TARGET_NAME)";
				WRAPPER_EXTENSION = app;
			};
			name = Debug;
		};
		116E871A15C44B090090D303 /* Release */ = {
			isa = XCBuildConfiguration;
			buildSettings = {
				CLANG_ENABLE_OBJC_ARC = YES;
				COMBINE_HIDPI_IMAGES = YES;
				GCC_PRECOMPILE_PREFIX_HEADER = YES;
				GCC_PREFIX_HEADER = "DictationSwitcher/DictationSwitcher-Prefix.pch";
				INFOPLIST_FILE = "DictationSwitcher/DictationSwitcher-Info.plist";
				MACOSX_DEPLOYMENT_TARGET = 10.8;
				PRODUCT_NAME = "$(TARGET_NAME)";
				WRAPPER_EXTENSION = app;
			};
			name = Release;
		};
/* End XCBuildConfiguration section */

/* Begin XCConfigurationList section */
		116E86F415C44B090090D303 /* Build configuration list for PBXProject "DictationSwitcher" */ = {
			isa = XCConfigurationList;
			buildConfigurations = (
				116E871615C44B090090D303 /* Debug */,
				116E871715C44B090090D303 /* Release */,
			);
			defaultConfigurationIsVisible = 0;
			defaultConfigurationName = Release;
		};
		116E871815C44B090090D303 /* Build configuration list for PBXNativeTarget "DictationSwitcher" */ = {
			isa = XCConfigurationList;
			buildConfigurations = (
				116E871915C44B090090D303 /* Debug */,
				116E871A15C44B090090D303 /* Release */,
			);
			defaultConfigurationIsVisible = 0;
			defaultConfigurationName = Release;
		};
/* End XCConfigurationList section */
	};
	rootObject = 116E86F115C44B090090D303 /* Project object */;
}
